
Microsoft Visual Studio Solution File, Format Version 12.00
# Visual Studio Version 17
VisualStudioVersion = 17.5.002.0
MinimumVisualStudioVersion = 10.0.40219.1
Project("{9A19103F-16F7-4668-BE54-9A1E7A4F7556}") = "JDTelecomunicaciones", "JDTelecomunicaciones.csproj", "{A8AFDABD-99E4-4994-9759-C6B0825369A3}"
EndProject
Global
	GlobalSection(SolutionConfigurationPlatforms) = preSolution
		Debug|Any CPU = Debug|Any CPU
		Release|Any CPU = Release|Any CPU
	EndGlobalSection
	GlobalSection(ProjectConfigurationPlatforms) = postSolution
		{A8AFDABD-99E4-4994-9759-C6B0825369A3}.Debug|Any CPU.ActiveCfg = Debug|Any CPU
		{A8AFDABD-99E4-4994-9759-C6B0825369A3}.Debug|Any CPU.Build.0 = Debug|Any CPU
		{A8AFDABD-99E4-4994-9759-C6B0825369A3}.Release|Any CPU.ActiveCfg = Release|Any CPU
		{A8AFDABD-99E4-4994-9759-C6B0825369A3}.Release|Any CPU.Build.0 = Release|Any CPU
	EndGlobalSection
	GlobalSection(SolutionProperties) = preSolution
		HideSolutionNode = FALSE
	EndGlobalSection
	GlobalSection(ExtensibilityGlobals) = postSolution
		SolutionGuid = {CF832F59-57B4-433B-A76E-844D162A4679}
	EndGlobalSection
EndGlobal
